// !$*UTF8*$!
{
	archiveVersion = 1;
	classes = {
	};
	objectVersion = 51;
	objects = {

/* Begin PBXBuildFile section */
		5803FFF8241BC403001262E9 /* RootView.swift in Sources */ = {isa = PBXBuildFile; fileRef = 5803FFF7241BC403001262E9 /* RootView.swift */; };
		58706AE5241B814000371251 /* AppDelegate.swift in Sources */ = {isa = PBXBuildFile; fileRef = 58706AE4241B814000371251 /* AppDelegate.swift */; };
		58706AEE241B814300371251 /* Assets.xcassets in Resources */ = {isa = PBXBuildFile; fileRef = 58706AED241B814300371251 /* Assets.xcassets */; };
		58706AF1241B814300371251 /* LaunchScreen.storyboard in Resources */ = {isa = PBXBuildFile; fileRef = 58706AEF241B814300371251 /* LaunchScreen.storyboard */; };
		58706AFB241B823E00371251 /* MapViewController.swift in Sources */ = {isa = PBXBuildFile; fileRef = 58706AF9241B823E00371251 /* MapViewController.swift */; };
		58706AFC241B823E00371251 /* MapViewController.xib in Resources */ = {isa = PBXBuildFile; fileRef = 58706AFA241B823E00371251 /* MapViewController.xib */; };
		58706AFE241B826100371251 /* MapView.swift in Sources */ = {isa = PBXBuildFile; fileRef = 58706AFD241B826100371251 /* MapView.swift */; };
		5898DB8C242112F100E28F97 /* DetailedInfoViewController.swift in Sources */ = {isa = PBXBuildFile; fileRef = 5898DB8A242112F100E28F97 /* DetailedInfoViewController.swift */; };
		5898DB8D242112F100E28F97 /* DetailedInfoViewController.xib in Resources */ = {isa = PBXBuildFile; fileRef = 5898DB8B242112F100E28F97 /* DetailedInfoViewController.xib */; };
		5898DB8F2421131D00E28F97 /* DetailedInfoView.swift in Sources */ = {isa = PBXBuildFile; fileRef = 5898DB8E2421131D00E28F97 /* DetailedInfoView.swift */; };
		5898DB922421149600E28F97 /* AOPModel.swift in Sources */ = {isa = PBXBuildFile; fileRef = 5898DB912421149600E28F97 /* AOPModel.swift */; };
		5898DB94242114A400E28F97 /* AOPModels.swift in Sources */ = {isa = PBXBuildFile; fileRef = 5898DB93242114A400E28F97 /* AOPModels.swift */; };
		5898DB982421158D00E28F97 /* MapAOPMarker.swift in Sources */ = {isa = PBXBuildFile; fileRef = 5898DB972421158D00E28F97 /* MapAOPMarker.swift */; };
		C161AC349B4829C529493557 /* Pods_EcoMonitor.framework in Frameworks */ = {isa = PBXBuildFile; fileRef = BABE992435ACC4791D838330 /* Pods_EcoMonitor.framework */; };
/* End PBXBuildFile section */

/* Begin PBXFileReference section */
		5803FFF7241BC403001262E9 /* RootView.swift */ = {isa = PBXFileReference; lastKnownFileType = sourcecode.swift; path = RootView.swift; sourceTree = "<group>"; };
		58706AE1241B814000371251 /* EcoMonitor.app */ = {isa = PBXFileReference; explicitFileType = wrapper.application; includeInIndex = 0; path = EcoMonitor.app; sourceTree = BUILT_PRODUCTS_DIR; };
		58706AE4241B814000371251 /* AppDelegate.swift */ = {isa = PBXFileReference; lastKnownFileType = sourcecode.swift; path = AppDelegate.swift; sourceTree = "<group>"; };
		58706AED241B814300371251 /* Assets.xcassets */ = {isa = PBXFileReference; lastKnownFileType = folder.assetcatalog; path = Assets.xcassets; sourceTree = "<group>"; };
		58706AF0241B814300371251 /* Base */ = {isa = PBXFileReference; lastKnownFileType = file.storyboard; name = Base; path = Base.lproj/LaunchScreen.storyboard; sourceTree = "<group>"; };
		58706AF2241B814300371251 /* Info.plist */ = {isa = PBXFileReference; lastKnownFileType = text.plist.xml; path = Info.plist; sourceTree = "<group>"; };
		58706AF9241B823E00371251 /* MapViewController.swift */ = {isa = PBXFileReference; lastKnownFileType = sourcecode.swift; path = MapViewController.swift; sourceTree = "<group>"; };
		58706AFA241B823E00371251 /* MapViewController.xib */ = {isa = PBXFileReference; lastKnownFileType = file.xib; path = MapViewController.xib; sourceTree = "<group>"; };
		58706AFD241B826100371251 /* MapView.swift */ = {isa = PBXFileReference; lastKnownFileType = sourcecode.swift; path = MapView.swift; sourceTree = "<group>"; };
		5898DB8A242112F100E28F97 /* DetailedInfoViewController.swift */ = {isa = PBXFileReference; lastKnownFileType = sourcecode.swift; path = DetailedInfoViewController.swift; sourceTree = "<group>"; };
		5898DB8B242112F100E28F97 /* DetailedInfoViewController.xib */ = {isa = PBXFileReference; lastKnownFileType = file.xib; path = DetailedInfoViewController.xib; sourceTree = "<group>"; };
		5898DB8E2421131D00E28F97 /* DetailedInfoView.swift */ = {isa = PBXFileReference; lastKnownFileType = sourcecode.swift; path = DetailedInfoView.swift; sourceTree = "<group>"; };
		5898DB912421149600E28F97 /* AOPModel.swift */ = {isa = PBXFileReference; lastKnownFileType = sourcecode.swift; path = AOPModel.swift; sourceTree = "<group>"; };
		5898DB93242114A400E28F97 /* AOPModels.swift */ = {isa = PBXFileReference; lastKnownFileType = sourcecode.swift; path = AOPModels.swift; sourceTree = "<group>"; };
		5898DB972421158D00E28F97 /* MapAOPMarker.swift */ = {isa = PBXFileReference; lastKnownFileType = sourcecode.swift; path = MapAOPMarker.swift; sourceTree = "<group>"; };
		5AA34323546F67D1701F31C0 /* Pods-EcoMonitor.debug.xcconfig */ = {isa = PBXFileReference; includeInIndex = 1; lastKnownFileType = text.xcconfig; name = "Pods-EcoMonitor.debug.xcconfig"; path = "Target Support Files/Pods-EcoMonitor/Pods-EcoMonitor.debug.xcconfig"; sourceTree = "<group>"; };
		7FA14FE035C69854451E7780 /* Pods-EcoMonitor.release.xcconfig */ = {isa = PBXFileReference; includeInIndex = 1; lastKnownFileType = text.xcconfig; name = "Pods-EcoMonitor.release.xcconfig"; path = "Target Support Files/Pods-EcoMonitor/Pods-EcoMonitor.release.xcconfig"; sourceTree = "<group>"; };
		BABE992435ACC4791D838330 /* Pods_EcoMonitor.framework */ = {isa = PBXFileReference; explicitFileType = wrapper.framework; includeInIndex = 0; path = Pods_EcoMonitor.framework; sourceTree = BUILT_PRODUCTS_DIR; };
/* End PBXFileReference section */

/* Begin PBXFrameworksBuildPhase section */
		58706ADE241B814000371251 /* Frameworks */ = {
			isa = PBXFrameworksBuildPhase;
			buildActionMask = 2147483647;
			files = (
				C161AC349B4829C529493557 /* Pods_EcoMonitor.framework in Frameworks */,
			);
			runOnlyForDeploymentPostprocessing = 0;
		};
/* End PBXFrameworksBuildPhase section */

/* Begin PBXGroup section */
		127D4572079006FF45D72C9B /* Frameworks */ = {
			isa = PBXGroup;
			children = (
				BABE992435ACC4791D838330 /* Pods_EcoMonitor.framework */,
			);
			name = Frameworks;
			sourceTree = "<group>";
		};
		5803FFF6241BC3EB001262E9 /* Lib */ = {
			isa = PBXGroup;
			children = (
				5803FFF7241BC403001262E9 /* RootView.swift */,
			);
			path = Lib;
			sourceTree = "<group>";
		};
		58706AD8241B814000371251 = {
			isa = PBXGroup;
			children = (
				58706AE3241B814000371251 /* EcoMonitor */,
				58706AE2241B814000371251 /* Products */,
				99DE630F05B95437DB3E72FD /* Pods */,
				127D4572079006FF45D72C9B /* Frameworks */,
			);
			sourceTree = "<group>";
		};
		58706AE2241B814000371251 /* Products */ = {
			isa = PBXGroup;
			children = (
				58706AE1241B814000371251 /* EcoMonitor.app */,
			);
			name = Products;
			sourceTree = "<group>";
		};
		58706AE3241B814000371251 /* EcoMonitor */ = {
			isa = PBXGroup;
			children = (
				5898DB962421155E00E28F97 /* AppDelegate */,
				5898DB952421150C00E28F97 /* Entities */,
				5898DB90242113DA00E28F97 /* Models */,
				5803FFF6241BC3EB001262E9 /* Lib */,
				58706AF8241B820700371251 /* UI */,
				58706AED241B814300371251 /* Assets.xcassets */,
				58706AEF241B814300371251 /* LaunchScreen.storyboard */,
				58706AF2241B814300371251 /* Info.plist */,
			);
			path = EcoMonitor;
			sourceTree = "<group>";
		};
		58706AF8241B820700371251 /* UI */ = {
			isa = PBXGroup;
			children = (
				5898DB892421126B00E28F97 /* DetailedInfoViewController */,
				5898DB882421125600E28F97 /* MapViewController */,
			);
			path = UI;
			sourceTree = "<group>";
		};
		5898DB882421125600E28F97 /* MapViewController */ = {
			isa = PBXGroup;
			children = (
				58706AF9241B823E00371251 /* MapViewController.swift */,
				58706AFA241B823E00371251 /* MapViewController.xib */,
				58706AFD241B826100371251 /* MapView.swift */,
			);
			path = MapViewController;
			sourceTree = "<group>";
		};
		5898DB892421126B00E28F97 /* DetailedInfoViewController */ = {
			isa = PBXGroup;
			children = (
				5898DB8A242112F100E28F97 /* DetailedInfoViewController.swift */,
				5898DB8B242112F100E28F97 /* DetailedInfoViewController.xib */,
				5898DB8E2421131D00E28F97 /* DetailedInfoView.swift */,
			);
			path = DetailedInfoViewController;
			sourceTree = "<group>";
		};
		5898DB90242113DA00E28F97 /* Models */ = {
			isa = PBXGroup;
			children = (
				5898DB912421149600E28F97 /* AOPModel.swift */,
				5898DB93242114A400E28F97 /* AOPModels.swift */,
			);
			path = Models;
			sourceTree = "<group>";
		};
		5898DB952421150C00E28F97 /* Entities */ = {
			isa = PBXGroup;
			children = (
				5898DB972421158D00E28F97 /* MapAOPMarker.swift */,
			);
			path = Entities;
			sourceTree = "<group>";
		};
		5898DB962421155E00E28F97 /* AppDelegate */ = {
			isa = PBXGroup;
			children = (
				58706AE4241B814000371251 /* AppDelegate.swift */,
			);
			path = AppDelegate;
			sourceTree = "<group>";
		};
		99DE630F05B95437DB3E72FD /* Pods */ = {
			isa = PBXGroup;
			children = (
				5AA34323546F67D1701F31C0 /* Pods-EcoMonitor.debug.xcconfig */,
				7FA14FE035C69854451E7780 /* Pods-EcoMonitor.release.xcconfig */,
			);
			path = Pods;
			sourceTree = "<group>";
		};
/* End PBXGroup section */

/* Begin PBXNativeTarget section */
		58706AE0241B814000371251 /* EcoMonitor */ = {
			isa = PBXNativeTarget;
			buildConfigurationList = 58706AF5241B814300371251 /* Build configuration list for PBXNativeTarget "EcoMonitor" */;
			buildPhases = (
				1E7530A5299DB38F190AB79D /* [CP] Check Pods Manifest.lock */,
				58706ADD241B814000371251 /* Sources */,
				58706ADE241B814000371251 /* Frameworks */,
				58706ADF241B814000371251 /* Resources */,
				92199E0E6796F1AAE15B27A4 /* [CP] Copy Pods Resources */,
			);
			buildRules = (
			);
			dependencies = (
			);
			name = EcoMonitor;
			productName = EcoMonitor;
			productReference = 58706AE1241B814000371251 /* EcoMonitor.app */;
			productType = "com.apple.product-type.application";
		};
/* End PBXNativeTarget section */

/* Begin PBXProject section */
		58706AD9241B814000371251 /* Project object */ = {
			isa = PBXProject;
			attributes = {
				LastSwiftUpdateCheck = 1120;
				LastUpgradeCheck = 1120;
				ORGANIZATIONNAME = EcoMonitor;
				TargetAttributes = {
					58706AE0241B814000371251 = {
						CreatedOnToolsVersion = 11.2.1;
					};
				};
			};
			buildConfigurationList = 58706ADC241B814000371251 /* Build configuration list for PBXProject "EcoMonitor" */;
			compatibilityVersion = "Xcode 9.3";
			developmentRegion = en;
			hasScannedForEncodings = 0;
			knownRegions = (
				en,
				Base,
			);
			mainGroup = 58706AD8241B814000371251;
			productRefGroup = 58706AE2241B814000371251 /* Products */;
			projectDirPath = "";
			projectRoot = "";
			targets = (
				58706AE0241B814000371251 /* EcoMonitor */,
			);
		};
/* End PBXProject section */

/* Begin PBXResourcesBuildPhase section */
		58706ADF241B814000371251 /* Resources */ = {
			isa = PBXResourcesBuildPhase;
			buildActionMask = 2147483647;
			files = (
				58706AF1241B814300371251 /* LaunchScreen.storyboard in Resources */,
				58706AFC241B823E00371251 /* MapViewController.xib in Resources */,
				5898DB8D242112F100E28F97 /* DetailedInfoViewController.xib in Resources */,
				58706AEE241B814300371251 /* Assets.xcassets in Resources */,
			);
			runOnlyForDeploymentPostprocessing = 0;
		};
/* End PBXResourcesBuildPhase section */

/* Begin PBXShellScriptBuildPhase section */
		1E7530A5299DB38F190AB79D /* [CP] Check Pods Manifest.lock */ = {
			isa = PBXShellScriptBuildPhase;
			buildActionMask = 2147483647;
			files = (
			);
			inputFileListPaths = (
			);
			inputPaths = (
				"${PODS_PODFILE_DIR_PATH}/Podfile.lock",
				"${PODS_ROOT}/Manifest.lock",
			);
			name = "[CP] Check Pods Manifest.lock";
			outputFileListPaths = (
			);
			outputPaths = (
				"$(DERIVED_FILE_DIR)/Pods-EcoMonitor-checkManifestLockResult.txt",
			);
			runOnlyForDeploymentPostprocessing = 0;
			shellPath = /bin/sh;
			shellScript = "diff \"${PODS_PODFILE_DIR_PATH}/Podfile.lock\" \"${PODS_ROOT}/Manifest.lock\" > /dev/null\nif [ $? != 0 ] ; then\n    # print error to STDERR\n    echo \"error: The sandbox is not in sync with the Podfile.lock. Run 'pod install' or update your CocoaPods installation.\" >&2\n    exit 1\nfi\n# This output is used by Xcode 'outputs' to avoid re-running this script phase.\necho \"SUCCESS\" > \"${SCRIPT_OUTPUT_FILE_0}\"\n";
			showEnvVarsInLog = 0;
		};
		92199E0E6796F1AAE15B27A4 /* [CP] Copy Pods Resources */ = {
			isa = PBXShellScriptBuildPhase;
			buildActionMask = 2147483647;
			files = (
			);
			inputFileListPaths = (
				"${PODS_ROOT}/Target Support Files/Pods-EcoMonitor/Pods-EcoMonitor-resources-${CONFIGURATION}-input-files.xcfilelist",
			);
			name = "[CP] Copy Pods Resources";
			outputFileListPaths = (
				"${PODS_ROOT}/Target Support Files/Pods-EcoMonitor/Pods-EcoMonitor-resources-${CONFIGURATION}-output-files.xcfilelist",
			);
			runOnlyForDeploymentPostprocessing = 0;
			shellPath = /bin/sh;
			shellScript = "\"${PODS_ROOT}/Target Support Files/Pods-EcoMonitor/Pods-EcoMonitor-resources.sh\"\n";
			showEnvVarsInLog = 0;
		};
/* End PBXShellScriptBuildPhase section */

/* Begin PBXSourcesBuildPhase section */
		58706ADD241B814000371251 /* Sources */ = {
			isa = PBXSourcesBuildPhase;
			buildActionMask = 2147483647;
			files = (
				5898DB8F2421131D00E28F97 /* DetailedInfoView.swift in Sources */,
				5898DB8C242112F100E28F97 /* DetailedInfoViewController.swift in Sources */,
				5803FFF8241BC403001262E9 /* RootView.swift in Sources */,
				58706AE5241B814000371251 /* AppDelegate.swift in Sources */,
				58706AFE241B826100371251 /* MapView.swift in Sources */,
				58706AFB241B823E00371251 /* MapViewController.swift in Sources */,
				5898DB94242114A400E28F97 /* AOPModels.swift in Sources */,
				5898DB982421158D00E28F97 /* MapAOPMarker.swift in Sources */,
				5898DB922421149600E28F97 /* AOPModel.swift in Sources */,
			);
			runOnlyForDeploymentPostprocessing = 0;
		};
/* End PBXSourcesBuildPhase section */

/* Begin PBXVariantGroup section */
		58706AEF241B814300371251 /* LaunchScreen.storyboard */ = {
			isa = PBXVariantGroup;
			children = (
				58706AF0241B814300371251 /* Base */,
			);
			name = LaunchScreen.storyboard;
			sourceTree = "<group>";
		};
/* End PBXVariantGroup section */

/* Begin XCBuildConfiguration section */
		58706AF3241B814300371251 /* Debug */ = {
			isa = XCBuildConfiguration;
			buildSettings = {
				ALWAYS_SEARCH_USER_PATHS = NO;
				CLANG_ANALYZER_NONNULL = YES;
				CLANG_ANALYZER_NUMBER_OBJECT_CONVERSION = YES_AGGRESSIVE;
				CLANG_CXX_LANGUAGE_STANDARD = "gnu++14";
				CLANG_CXX_LIBRARY = "libc++";
				CLANG_ENABLE_MODULES = YES;
				CLANG_ENABLE_OBJC_ARC = YES;
				CLANG_ENABLE_OBJC_WEAK = YES;
				CLANG_WARN_BLOCK_CAPTURE_AUTORELEASING = YES;
				CLANG_WARN_BOOL_CONVERSION = YES;
				CLANG_WARN_COMMA = YES;
				CLANG_WARN_CONSTANT_CONVERSION = YES;
				CLANG_WARN_DEPRECATED_OBJC_IMPLEMENTATIONS = YES;
				CLANG_WARN_DIRECT_OBJC_ISA_USAGE = YES_ERROR;
				CLANG_WARN_DOCUMENTATION_COMMENTS = YES;
				CLANG_WARN_EMPTY_BODY = YES;
				CLANG_WARN_ENUM_CONVERSION = YES;
				CLANG_WARN_INFINITE_RECURSION = YES;
				CLANG_WARN_INT_CONVERSION = YES;
				CLANG_WARN_NON_LITERAL_NULL_CONVERSION = YES;
				CLANG_WARN_OBJC_IMPLICIT_RETAIN_SELF = YES;
				CLANG_WARN_OBJC_LITERAL_CONVERSION = YES;
				CLANG_WARN_OBJC_ROOT_CLASS = YES_ERROR;
				CLANG_WARN_RANGE_LOOP_ANALYSIS = YES;
				CLANG_WARN_STRICT_PROTOTYPES = YES;
				CLANG_WARN_SUSPICIOUS_MOVE = YES;
				CLANG_WARN_UNGUARDED_AVAILABILITY = YES_AGGRESSIVE;
				CLANG_WARN_UNREACHABLE_CODE = YES;
				CLANG_WARN__DUPLICATE_METHOD_MATCH = YES;
				COPY_PHASE_STRIP = NO;
				DEBUG_INFORMATION_FORMAT = dwarf;
				ENABLE_STRICT_OBJC_MSGSEND = YES;
				ENABLE_TESTABILITY = YES;
				GCC_C_LANGUAGE_STANDARD = gnu11;
				GCC_DYNAMIC_NO_PIC = NO;
				GCC_NO_COMMON_BLOCKS = YES;
				GCC_OPTIMIZATION_LEVEL = 0;
				GCC_PREPROCESSOR_DEFINITIONS = (
					"DEBUG=1",
					"$(inherited)",
				);
				GCC_WARN_64_TO_32_BIT_CONVERSION = YES;
				GCC_WARN_ABOUT_RETURN_TYPE = YES_ERROR;
				GCC_WARN_UNDECLARED_SELECTOR = YES;
				GCC_WARN_UNINITIALIZED_AUTOS = YES_AGGRESSIVE;
				GCC_WARN_UNUSED_FUNCTION = YES;
				GCC_WARN_UNUSED_VARIABLE = YES;
				IPHONEOS_DEPLOYMENT_TARGET = 12.0;
				MTL_ENABLE_DEBUG_INFO = INCLUDE_SOURCE;
				MTL_FAST_MATH = YES;
				ONLY_ACTIVE_ARCH = YES;
				SDKROOT = iphoneos;
				SWIFT_ACTIVE_COMPILATION_CONDITIONS = DEBUG;
				SWIFT_OPTIMIZATION_LEVEL = "-Onone";
			};
			name = Debug;
		};
		58706AF4241B814300371251 /* Release */ = {
			isa = XCBuildConfiguration;
			buildSettings = {
				ALWAYS_SEARCH_USER_PATHS = NO;
				CLANG_ANALYZER_NONNULL = YES;
				CLANG_ANALYZER_NUMBER_OBJECT_CONVERSION = YES_AGGRESSIVE;
				CLANG_CXX_LANGUAGE_STANDARD = "gnu++14";
				CLANG_CXX_LIBRARY = "libc++";
				CLANG_ENABLE_MODULES = YES;
				CLANG_ENABLE_OBJC_ARC = YES;
				CLANG_ENABLE_OBJC_WEAK = YES;
				CLANG_WARN_BLOCK_CAPTURE_AUTORELEASING = YES;
				CLANG_WARN_BOOL_CONVERSION = YES;
				CLANG_WARN_COMMA = YES;
				CLANG_WARN_CONSTANT_CONVERSION = YES;
				CLANG_WARN_DEPRECATED_OBJC_IMPLEMENTATIONS = YES;
				CLANG_WARN_DIRECT_OBJC_ISA_USAGE = YES_ERROR;
				CLANG_WARN_DOCUMENTATION_COMMENTS = YES;
				CLANG_WARN_EMPTY_BODY = YES;
				CLANG_WARN_ENUM_CONVERSION = YES;
				CLANG_WARN_INFINITE_RECURSION = YES;
				CLANG_WARN_INT_CONVERSION = YES;
				CLANG_WARN_NON_LITERAL_NULL_CONVERSION = YES;
				CLANG_WARN_OBJC_IMPLICIT_RETAIN_SELF = YES;
				CLANG_WARN_OBJC_LITERAL_CONVERSION = YES;
				CLANG_WARN_OBJC_ROOT_CLASS = YES_ERROR;
				CLANG_WARN_RANGE_LOOP_ANALYSIS = YES;
				CLANG_WARN_STRICT_PROTOTYPES = YES;
				CLANG_WARN_SUSPICIOUS_MOVE = YES;
				CLANG_WARN_UNGUARDED_AVAILABILITY = YES_AGGRESSIVE;
				CLANG_WARN_UNREACHABLE_CODE = YES;
				CLANG_WARN__DUPLICATE_METHOD_MATCH = YES;
				COPY_PHASE_STRIP = NO;
				DEBUG_INFORMATION_FORMAT = "dwarf-with-dsym";
				ENABLE_NS_ASSERTIONS = NO;
				ENABLE_STRICT_OBJC_MSGSEND = YES;
				GCC_C_LANGUAGE_STANDARD = gnu11;
				GCC_NO_COMMON_BLOCKS = YES;
				GCC_WARN_64_TO_32_BIT_CONVERSION = YES;
				GCC_WARN_ABOUT_RETURN_TYPE = YES_ERROR;
				GCC_WARN_UNDECLARED_SELECTOR = YES;
				GCC_WARN_UNINITIALIZED_AUTOS = YES_AGGRESSIVE;
				GCC_WARN_UNUSED_FUNCTION = YES;
				GCC_WARN_UNUSED_VARIABLE = YES;
				IPHONEOS_DEPLOYMENT_TARGET = 12.0;
				MTL_ENABLE_DEBUG_INFO = NO;
				MTL_FAST_MATH = YES;
				SDKROOT = iphoneos;
				SWIFT_COMPILATION_MODE = wholemodule;
				SWIFT_OPTIMIZATION_LEVEL = "-O";
				VALIDATE_PRODUCT = YES;
			};
			name = Release;
		};
		58706AF6241B814300371251 /* Debug */ = {
			isa = XCBuildConfiguration;
			baseConfigurationReference = 5AA34323546F67D1701F31C0 /* Pods-EcoMonitor.debug.xcconfig */;
			buildSettings = {
				ASSETCATALOG_COMPILER_APPICON_NAME = AppIcon;
				CODE_SIGN_STYLE = Automatic;
				DEVELOPMENT_TEAM = JJX45K4DMS;
				INFOPLIST_FILE = EcoMonitor/Info.plist;
				IPHONEOS_DEPLOYMENT_TARGET = 13.0;
				LD_RUNPATH_SEARCH_PATHS = (
					"$(inherited)",
					"@executable_path/Frameworks",
				);
				PRODUCT_BUNDLE_IDENTIFIER = EcoMonitor.EcoMonitor;
				PRODUCT_NAME = "$(TARGET_NAME)";
				SWIFT_VERSION = 5.0;
				TARGETED_DEVICE_FAMILY = "1,2";
			};
			name = Debug;
		};
		58706AF7241B814300371251 /* Release */ = {
			isa = XCBuildConfiguration;
			baseConfigurationReference = 7FA14FE035C69854451E7780 /* Pods-EcoMonitor.release.xcconfig */;
			buildSettings = {
				ASSETCATALOG_COMPILER_APPICON_NAME = AppIcon;
				CODE_SIGN_STYLE = Automatic;
				DEVELOPMENT_TEAM = JJX45K4DMS;
				INFOPLIST_FILE = EcoMonitor/Info.plist;
				IPHONEOS_DEPLOYMENT_TARGET = 13.0;
				LD_RUNPATH_SEARCH_PATHS = (
					"$(inherited)",
					"@executable_path/Frameworks",
				);
				PRODUCT_BUNDLE_IDENTIFIER = EcoMonitor.EcoMonitor;
				PRODUCT_NAME = "$(TARGET_NAME)";
				SWIFT_VERSION = 5.0;
				TARGETED_DEVICE_FAMILY = "1,2";
			};
			name = Release;
		};
/* End XCBuildConfiguration section */

/* Begin XCConfigurationList section */
		58706ADC241B814000371251 /* Build configuration list for PBXProject "EcoMonitor" */ = {
			isa = XCConfigurationList;
			buildConfigurations = (
				58706AF3241B814300371251 /* Debug */,
				58706AF4241B814300371251 /* Release */,
			);
			defaultConfigurationIsVisible = 0;
			defaultConfigurationName = Release;
		};
		58706AF5241B814300371251 /* Build configuration list for PBXNativeTarget "EcoMonitor" */ = {
			isa = XCConfigurationList;
			buildConfigurations = (
				58706AF6241B814300371251 /* Debug */,
				58706AF7241B814300371251 /* Release */,
			);
			defaultConfigurationIsVisible = 0;
			defaultConfigurationName = Release;
		};
/* End XCConfigurationList section */
	};
	rootObject = 58706AD9241B814000371251 /* Project object */;
}
